
Microsoft Visual Studio Solution File, Format Version 12.00
# Visual Studio Version 16
VisualStudioVersion = 16.0.29324.140
MinimumVisualStudioVersion = 10.0.40219.1
Project("{FAE04EC0-301F-11D3-BF4B-00C04F79EFBC}") = "PlantsAndAnimals", "PlantsAndAnimals.csproj", "{D55B083E-A58C-49E0-81DE-3879856A7AC3}"
EndProject
Global
	GlobalSection(SolutionConfigurationPlatforms) = preSolution
		Debug|Any CPU = Debug|Any CPU
		Release|Any CPU = Release|Any CPU
	EndGlobalSection
	GlobalSection(ProjectConfigurationPlatforms) = postSolution
		{D55B083E-A58C-49E0-81DE-3879856A7AC3}.Debug|Any CPU.ActiveCfg = Debug|Any CPU
		{D55B083E-A58C-49E0-81DE-3879856A7AC3}.Debug|Any CPU.Build.0 = Debug|Any CPU
		{D55B083E-A58C-49E0-81DE-3879856A7AC3}.Release|Any CPU.ActiveCfg = Release|Any CPU
		{D55B083E-A58C-49E0-81DE-3879856A7AC3}.Release|Any CPU.Build.0 = Release|Any CPU
	EndGlobalSection
	GlobalSection(SolutionProperties) = preSolution
		HideSolutionNode = FALSE
	EndGlobalSection
	GlobalSection(ExtensibilityGlobals) = postSolution
		SolutionGuid = {F54EC5FF-1B54-4008-BE50-32E00F3CC39C}
	EndGlobalSection
EndGlobal
